
Microsoft Visual Studio Solution File, Format Version 12.00
# Visual Studio 14
VisualStudioVersion = 14.0.25420.1
MinimumVisualStudioVersion = 10.0.40219.1
Project("{FAE04EC0-301F-11D3-BF4B-00C04F79EFBC}") = "PhotoDemonTransform", "PhotoDemonTransform\PhotoDemonTransform.csproj", "{CFF84F22-ACE3-46C5-ABF3-0544F631CC86}"
EndProject
Project("{FAE04EC0-301F-11D3-BF4B-00C04F79EFBC}") = "PhotoDemonTransformTests", "PhotoDemonTransformTests\PhotoDemonTransformTests.csproj", "{1EDC1501-F571-4E30-BE5D-98718C9B16FF}"
EndProject
Global
	GlobalSection(SolutionConfigurationPlatforms) = preSolution
		Debug|Any CPU = Debug|Any CPU
		Release|Any CPU = Release|Any CPU
	EndGlobalSection
	GlobalSection(ProjectConfigurationPlatforms) = postSolution
		{CFF84F22-ACE3-46C5-ABF3-0544F631CC86}.Debug|Any CPU.ActiveCfg = Debug|Any CPU
		{CFF84F22-ACE3-46C5-ABF3-0544F631CC86}.Debug|Any CPU.Build.0 = Debug|Any CPU
		{CFF84F22-ACE3-46C5-ABF3-0544F631CC86}.Release|Any CPU.ActiveCfg = Release|Any CPU
		{CFF84F22-ACE3-46C5-ABF3-0544F631CC86}.Release|Any CPU.Build.0 = Release|Any CPU
		{1EDC1501-F571-4E30-BE5D-98718C9B16FF}.Debug|Any CPU.ActiveCfg = Debug|Any CPU
		{1EDC1501-F571-4E30-BE5D-98718C9B16FF}.Debug|Any CPU.Build.0 = Debug|Any CPU
		{1EDC1501-F571-4E30-BE5D-98718C9B16FF}.Release|Any CPU.ActiveCfg = Release|Any CPU
		{1EDC1501-F571-4E30-BE5D-98718C9B16FF}.Release|Any CPU.Build.0 = Release|Any CPU
	EndGlobalSection
	GlobalSection(SolutionProperties) = preSolution
		HideSolutionNode = FALSE
	EndGlobalSection
EndGlobal
